{
  "version": 2,
  "dependencies": {
    "net10.0": {
      "Atya.Foundation.Abstractions": {
        "type": "Transitive",
        "resolved": "1.0.4",
        "contentHash": "tGwyFAY17vXv76ioyK9LSH8wd/uuPw6HDjXTGl4vlxN1Yuxd+tZMxxEpqFnhyQcqbiplMQTpEuimu3f5PZq8Sg=="
      },
      "Atya.Messaging.InMemory": {
        "type": "Project",
        "dependencies": {
          "Atya.Foundation.Guards": "[1.0.2, )",
          "Atya.Messaging.Abstractions": "[1.0.0, )"
        }
      },
      "Atya.Foundation.Guards": {
        "type": "CentralTransitive",
        "requested": "[1.0.2, )",
        "resolved": "1.0.2",
        "contentHash": "pK0hllKNECWmAK1XInrp94OSon9NFnbkPL/P37WzUD1riSR/AuaeRo0/VkPP8fw6KuAR3IrqsIHNv2l+soKBhA=="
      },
      "Atya.Messaging.Abstractions": {
        "type": "CentralTransitive",
        "requested": "[1.0.0, )",
        "resolved": "1.0.0",
        "contentHash": "7DvoD+z0su2omw80Heer7uTsWrKnPW6UT3sSpK3R85kVpS83W9CqVpHY5iZ9Kup0/nk2b3xl02cSGUUPDlbmQg==",
        "dependencies": {
          "Atya.Foundation.Abstractions": "1.0.4",
          "Atya.Foundation.Guards": "1.0.2"
        }
      }
    }
  }
}